
Microsoft Visual Studio Solution File, Format Version 12.00
# Visual Studio Version 17
VisualStudioVersion = 17.0.32112.339
MinimumVisualStudioVersion = 10.0.40219.1
Project("{FAE04EC0-301F-11D3-BF4B-00C04F79EFBC}") = "ContaBancaria", "ContaBancaria\ContaBancaria.csproj", "{01EDEEFD-27B7-4A26-9FBA-B2F797FA2897}"
EndProject
Global
	GlobalSection(SolutionConfigurationPlatforms) = preSolution
		Debug|Any CPU = Debug|Any CPU
		Release|Any CPU = Release|Any CPU
	EndGlobalSection
	GlobalSection(ProjectConfigurationPlatforms) = postSolution
		{01EDEEFD-27B7-4A26-9FBA-B2F797FA2897}.Debug|Any CPU.ActiveCfg = Debug|Any CPU
		{01EDEEFD-27B7-4A26-9FBA-B2F797FA2897}.Debug|Any CPU.Build.0 = Debug|Any CPU
		{01EDEEFD-27B7-4A26-9FBA-B2F797FA2897}.Release|Any CPU.ActiveCfg = Release|Any CPU
		{01EDEEFD-27B7-4A26-9FBA-B2F797FA2897}.Release|Any CPU.Build.0 = Release|Any CPU
	EndGlobalSection
	GlobalSection(SolutionProperties) = preSolution
		HideSolutionNode = FALSE
	EndGlobalSection
	GlobalSection(ExtensibilityGlobals) = postSolution
		SolutionGuid = {C38A3680-23F0-4DF3-931B-90EC15ABDABB}
	EndGlobalSection
EndGlobal
